// !$*UTF8*$!
{
	archiveVersion = 1;
	classes = {
	};
	objectVersion = 55;
	objects = {

/* Begin PBXBuildFile section */
		1F2B761B28EAC43D0001CFD6 /* Localizable En.stringsdict in Resources */ = {isa = PBXBuildFile; fileRef = 1F2B761528EAC43D0001CFD6 /* Localizable En.stringsdict */; };
		1F2B761C28EAC43D0001CFD6 /* Localizable Ru.strings in Resources */ = {isa = PBXBuildFile; fileRef = 1F2B761628EAC43D0001CFD6 /* Localizable Ru.strings */; };
		1F2B761D28EAC43D0001CFD6 /* Localizable Ru.stringsdict in Resources */ = {isa = PBXBuildFile; fileRef = 1F2B761728EAC43D0001CFD6 /* Localizable Ru.stringsdict */; };
		1F2B761E28EAC43D0001CFD6 /* Localizable En.strings in Resources */ = {isa = PBXBuildFile; fileRef = 1F2B761928EAC43D0001CFD6 /* Localizable En.strings */; };
		1F2B762028EAC7560001CFD6 /* Labels.swift in Sources */ = {isa = PBXBuildFile; fileRef = 1F2B761F28EAC7560001CFD6 /* Labels.swift */; };
		D500D731287F594F00ED1FBA /* FavoriteViewController.swift in Sources */ = {isa = PBXBuildFile; fileRef = D500D730287F594F00ED1FBA /* FavoriteViewController.swift */; };
		D500D734287F598E00ED1FBA /* FavoriteCoordinator.swift in Sources */ = {isa = PBXBuildFile; fileRef = D500D733287F598E00ED1FBA /* FavoriteCoordinator.swift */; };
		D500D736287F59D200ED1FBA /* CoreDataManager.swift in Sources */ = {isa = PBXBuildFile; fileRef = D500D735287F59D200ED1FBA /* CoreDataManager.swift */; };
		D506109528061EBF00BC51AC /* StorageService.docc in Sources */ = {isa = PBXBuildFile; fileRef = D506109428061EBF00BC51AC /* StorageService.docc */; };
		D506109B28061EBF00BC51AC /* StorageService.framework in Frameworks */ = {isa = PBXBuildFile; fileRef = D506109128061EBF00BC51AC /* StorageService.framework */; };
		D50610A228061EBF00BC51AC /* StorageServiceTests.swift in Sources */ = {isa = PBXBuildFile; fileRef = D50610A128061EBF00BC51AC /* StorageServiceTests.swift */; };
		D50610A328061EBF00BC51AC /* StorageService.h in Headers */ = {isa = PBXBuildFile; fileRef = D506109328061EBF00BC51AC /* StorageService.h */; settings = {ATTRIBUTES = (Public, ); }; };
		D50610A628061EBF00BC51AC /* StorageService.framework in Frameworks */ = {isa = PBXBuildFile; fileRef = D506109128061EBF00BC51AC /* StorageService.framework */; };
		D50610A728061EBF00BC51AC /* StorageService.framework in Embed Frameworks */ = {isa = PBXBuildFile; fileRef = D506109128061EBF00BC51AC /* StorageService.framework */; settings = {ATTRIBUTES = (CodeSignOnCopy, RemoveHeadersOnCopy, ); }; };
		D52F469E27D4E224002BD753 /* ColorSet.swift in Sources */ = {isa = PBXBuildFile; fileRef = D52F469D27D4E224002BD753 /* ColorSet.swift */; };
		D53256F9285533940047582E /* MusicTableViewCell.swift in Sources */ = {isa = PBXBuildFile; fileRef = D53256F8285533940047582E /* MusicTableViewCell.swift */; };
		D53256FB285534110047582E /* VideoTableViewCell.swift in Sources */ = {isa = PBXBuildFile; fileRef = D53256FA285534110047582E /* VideoTableViewCell.swift */; };
		D53256FD28553A320047582E /* VidePlayerViewController.swift in Sources */ = {isa = PBXBuildFile; fileRef = D53256FC28553A320047582E /* VidePlayerViewController.swift */; };
		D541A0DC285B416000ADFEB3 /* NetworkService.swift in Sources */ = {isa = PBXBuildFile; fileRef = D541A0DB285B416000ADFEB3 /* NetworkService.swift */; };
		D541A0DE285B60B000ADFEB3 /* AppConfiguration.swift in Sources */ = {isa = PBXBuildFile; fileRef = D541A0DD285B60B000ADFEB3 /* AppConfiguration.swift */; };
		D541A1BA2886DFF9005D2DAF /* FavoritePostModel.xcdatamodeld in Sources */ = {isa = PBXBuildFile; fileRef = D541A1B82886DFF9005D2DAF /* FavoritePostModel.xcdatamodeld */; };
		D54536F8287AE08500B5A64D /* LoginFactoryProtocol.swift in Sources */ = {isa = PBXBuildFile; fileRef = D54536F7287AE08500B5A64D /* LoginFactoryProtocol.swift */; };
		D54536FA287AE0A800B5A64D /* LoginFactory.swift in Sources */ = {isa = PBXBuildFile; fileRef = D54536F9287AE0A800B5A64D /* LoginFactory.swift */; };
		D54536FC287AE0C900B5A64D /* LoginInspector.swift in Sources */ = {isa = PBXBuildFile; fileRef = D54536FB287AE0C900B5A64D /* LoginInspector.swift */; };
		D54536FF287AE21F00B5A64D /* LoginViewControllerDelegate.swift in Sources */ = {isa = PBXBuildFile; fileRef = D54536FE287AE21F00B5A64D /* LoginViewControllerDelegate.swift */; };
		D552CCC62880A388009FF162 /* iOSIntPackage in Frameworks */ = {isa = PBXBuildFile; productRef = D552CCC52880A388009FF162 /* iOSIntPackage */; };
		D562464427C810490022DDFC /* PostTableViewCell.swift in Sources */ = {isa = PBXBuildFile; fileRef = D562464327C810490022DDFC /* PostTableViewCell.swift */; };
		D562464627C826350022DDFC /* Constants.swift in Sources */ = {isa = PBXBuildFile; fileRef = D562464527C826350022DDFC /* Constants.swift */; };
		D56E238228C8C0BB002E094D /* LocationsCoordinator.swift in Sources */ = {isa = PBXBuildFile; fileRef = D56E238128C8C0BB002E094D /* LocationsCoordinator.swift */; };
		D56E238428C8C0E0002E094D /* LocationsViewController.swift in Sources */ = {isa = PBXBuildFile; fileRef = D56E238328C8C0E0002E094D /* LocationsViewController.swift */; };
		D575870B27BEB11000570D3F /* ProfileHeaderView.swift in Sources */ = {isa = PBXBuildFile; fileRef = D575870A27BEB11000570D3F /* ProfileHeaderView.swift */; };
		D5851F162863AED400D65A51 /* InfoCoordinator.swift in Sources */ = {isa = PBXBuildFile; fileRef = D5851F152863AED400D65A51 /* InfoCoordinator.swift */; };
		D5851F1B2863AF3000D65A51 /* InfoModel.swift in Sources */ = {isa = PBXBuildFile; fileRef = D5851F1A2863AF3000D65A51 /* InfoModel.swift */; };
		D5851F1E2863B01F00D65A51 /* InfoNetworkManager.swift in Sources */ = {isa = PBXBuildFile; fileRef = D5851F1D2863B01F00D65A51 /* InfoNetworkManager.swift */; };
		D5851F202864E50600D65A51 /* PlanetsNetworkManager.swift in Sources */ = {isa = PBXBuildFile; fileRef = D5851F1F2864E50600D65A51 /* PlanetsNetworkManager.swift */; };
		D5851F222864E51600D65A51 /* PlanetsModel.swift in Sources */ = {isa = PBXBuildFile; fileRef = D5851F212864E51600D65A51 /* PlanetsModel.swift */; };
		D59DA3E028957211000009EF /* CoreDataStack.swift in Sources */ = {isa = PBXBuildFile; fileRef = D59DA3DF28957211000009EF /* CoreDataStack.swift */; };
		D5A0745F28159082003BF856 /* UserValidation.swift in Sources */ = {isa = PBXBuildFile; fileRef = D5A0745E28159082003BF856 /* UserValidation.swift */; };
		D5A356BF27D2BBBE007316DD /* PhotosCollectionViewCell.swift in Sources */ = {isa = PBXBuildFile; fileRef = D5A356BE27D2BBBE007316DD /* PhotosCollectionViewCell.swift */; };
		D5A392CF282FD2760073E034 /* PostTableViewCellViewModel.swift in Sources */ = {isa = PBXBuildFile; fileRef = D5A392CE282FD2760073E034 /* PostTableViewCellViewModel.swift */; };
		D5A392D8282FD72C0073E034 /* Post.swift in Sources */ = {isa = PBXBuildFile; fileRef = D530410D27C39882003DD19F /* Post.swift */; };
		D5A392DA282FD7430073E034 /* Post.swift in Sources */ = {isa = PBXBuildFile; fileRef = D5A392D9282FD7430073E034 /* Post.swift */; };
		D5A392DC28310D210073E034 /* PhotosVIewModel.swift in Sources */ = {isa = PBXBuildFile; fileRef = D5A392DB28310D210073E034 /* PhotosVIewModel.swift */; };
		D5A392E2283116460073E034 /* PhotosCollectionViewCellViewModel.swift in Sources */ = {isa = PBXBuildFile; fileRef = D5A392E1283116460073E034 /* PhotosCollectionViewCellViewModel.swift */; };
		D5A392EB283192C20073E034 /* NewPostViewModel.swift in Sources */ = {isa = PBXBuildFile; fileRef = D5A392EA283192C20073E034 /* NewPostViewModel.swift */; };
		D5A392ED2831950B0073E034 /* InfoViewModel.swift in Sources */ = {isa = PBXBuildFile; fileRef = D5A392EC2831950B0073E034 /* InfoViewModel.swift */; };
		D5A529EE2854ABF000A0DB32 /* MusicViewController.swift in Sources */ = {isa = PBXBuildFile; fileRef = D5A529ED2854ABF000A0DB32 /* MusicViewController.swift */; };
		D5A529F02854ABFD00A0DB32 /* VideoViewController.swift in Sources */ = {isa = PBXBuildFile; fileRef = D5A529EF2854ABFD00A0DB32 /* VideoViewController.swift */; };
		D5A529F62854AC9500A0DB32 /* MusicCoordinator.swift in Sources */ = {isa = PBXBuildFile; fileRef = D5A529F52854AC9500A0DB32 /* MusicCoordinator.swift */; };
		D5A529F82854AD3500A0DB32 /* MusicViewModel.swift in Sources */ = {isa = PBXBuildFile; fileRef = D5A529F72854AD3500A0DB32 /* MusicViewModel.swift */; };
		D5A529FA2854AECE00A0DB32 /* MusicPlayerView.swift in Sources */ = {isa = PBXBuildFile; fileRef = D5A529F92854AECE00A0DB32 /* MusicPlayerView.swift */; };
		D5A52A092854C6E900A0DB32 /* VideoCoordinator.swift in Sources */ = {isa = PBXBuildFile; fileRef = D5A52A082854C6E900A0DB32 /* VideoCoordinator.swift */; };
		D5A52A0C2854C72A00A0DB32 /* VideoViewModel.swift in Sources */ = {isa = PBXBuildFile; fileRef = D5A52A0B2854C72A00A0DB32 /* VideoViewModel.swift */; };
		D5A7F0B527C245FA00962E7D /* LogInViewController.swift in Sources */ = {isa = PBXBuildFile; fileRef = D5A7F0B427C245FA00962E7D /* LogInViewController.swift */; };
		D5AB1A4927D144370072E723 /* PhotosViewController.swift in Sources */ = {isa = PBXBuildFile; fileRef = D5AB1A4827D144370072E723 /* PhotosViewController.swift */; };
		D5AB1A4D27D2B6880072E723 /* ContentManager.swift in Sources */ = {isa = PBXBuildFile; fileRef = D5AB1A4C27D2B6880072E723 /* ContentManager.swift */; };
		D5B669652866584C00C699C1 /* ResidentsNetworkManager.swift in Sources */ = {isa = PBXBuildFile; fileRef = D5B669642866584C00C699C1 /* ResidentsNetworkManager.swift */; };
		D5BA980C28268499005921CF /* FeedViewModel.swift in Sources */ = {isa = PBXBuildFile; fileRef = D5BA980B28268499005921CF /* FeedViewModel.swift */; };
		D5BDB01928705D650089D530 /* CustomTextfield.swift in Sources */ = {isa = PBXBuildFile; fileRef = D5BDB01828705D650089D530 /* CustomTextfield.swift */; };
		D5C0B0FE282D89DC00ABCB88 /* MainTabBarViewController.swift in Sources */ = {isa = PBXBuildFile; fileRef = D5C0B0FD282D89DC00ABCB88 /* MainTabBarViewController.swift */; };
		D5CBFD5E27CEC7B600B4FCEC /* PhotosTableViewCell.swift in Sources */ = {isa = PBXBuildFile; fileRef = D5CBFD5D27CEC7B600B4FCEC /* PhotosTableViewCell.swift */; };
		D5CC1EEB282D954600137A94 /* MainCoordinator.swift in Sources */ = {isa = PBXBuildFile; fileRef = D5CC1EEA282D954600137A94 /* MainCoordinator.swift */; };
		D5CC1EED282D980E00137A94 /* FeedCoordinator.swift in Sources */ = {isa = PBXBuildFile; fileRef = D5CC1EEC282D980E00137A94 /* FeedCoordinator.swift */; };
		D5CC1EEF282D982500137A94 /* ProfileCoordinator.swift in Sources */ = {isa = PBXBuildFile; fileRef = D5CC1EEE282D982500137A94 /* ProfileCoordinator.swift */; };
		D5CC1EF4282DA8D500137A94 /* ProfileViewModel.swift in Sources */ = {isa = PBXBuildFile; fileRef = D5CC1EF3282DA8D500137A94 /* ProfileViewModel.swift */; };
		D5DF549928577F6800FECC98 /* User.swift in Sources */ = {isa = PBXBuildFile; fileRef = D5DF549828577F6800FECC98 /* User.swift */; };
		D5E9222A2816A81F00748286 /* Factory.swift in Sources */ = {isa = PBXBuildFile; fileRef = D5E922292816A81F00748286 /* Factory.swift */; };
		D5ED096027B5A423007F70C6 /* AppDelegate.swift in Sources */ = {isa = PBXBuildFile; fileRef = D5ED095F27B5A423007F70C6 /* AppDelegate.swift */; };
		D5ED096927B5A428007F70C6 /* Assets.xcassets in Resources */ = {isa = PBXBuildFile; fileRef = D5ED096827B5A428007F70C6 /* Assets.xcassets */; };
		D5ED096C27B5A428007F70C6 /* LaunchScreen.storyboard in Resources */ = {isa = PBXBuildFile; fileRef = D5ED096A27B5A428007F70C6 /* LaunchScreen.storyboard */; };
		D5ED097427B5A5C3007F70C6 /* FeedViewController.swift in Sources */ = {isa = PBXBuildFile; fileRef = D5ED097327B5A5C3007F70C6 /* FeedViewController.swift */; };
		D5ED097627B5A5D0007F70C6 /* ProfileViewController.swift in Sources */ = {isa = PBXBuildFile; fileRef = D5ED097527B5A5D0007F70C6 /* ProfileViewController.swift */; };
		D5ED097827B66965007F70C6 /* NewPostViewController.swift in Sources */ = {isa = PBXBuildFile; fileRef = D5ED097727B66965007F70C6 /* NewPostViewController.swift */; };
		D5ED097A27B68627007F70C6 /* InfoViewController.swift in Sources */ = {isa = PBXBuildFile; fileRef = D5ED097927B68627007F70C6 /* InfoViewController.swift */; };
		D5FB3430282467D40007BF59 /* CustomButton.swift in Sources */ = {isa = PBXBuildFile; fileRef = D5FB342F282467D40007BF59 /* CustomButton.swift */; };
		D5FCC7B52880A662009F5467 /* SnapKit in Frameworks */ = {isa = PBXBuildFile; productRef = D5FCC7B42880A662009F5467 /* SnapKit */; };
/* End PBXBuildFile section */

/* Begin PBXContainerItemProxy section */
		D506109C28061EBF00BC51AC /* PBXContainerItemProxy */ = {
			isa = PBXContainerItemProxy;
			containerPortal = D5ED095427B5A423007F70C6 /* Project object */;
			proxyType = 1;
			remoteGlobalIDString = D506109028061EBF00BC51AC;
			remoteInfo = StorageService;
		};
		D506109E28061EBF00BC51AC /* PBXContainerItemProxy */ = {
			isa = PBXContainerItemProxy;
			containerPortal = D5ED095427B5A423007F70C6 /* Project object */;
			proxyType = 1;
			remoteGlobalIDString = D5ED095B27B5A423007F70C6;
			remoteInfo = Navigation;
		};
		D50610A428061EBF00BC51AC /* PBXContainerItemProxy */ = {
			isa = PBXContainerItemProxy;
			containerPortal = D5ED095427B5A423007F70C6 /* Project object */;
			proxyType = 1;
			remoteGlobalIDString = D506109028061EBF00BC51AC;
			remoteInfo = StorageService;
		};
/* End PBXContainerItemProxy section */

/* Begin PBXCopyFilesBuildPhase section */
		D50610A828061EBF00BC51AC /* Embed Frameworks */ = {
			isa = PBXCopyFilesBuildPhase;
			buildActionMask = 2147483647;
			dstPath = "";
			dstSubfolderSpec = 10;
			files = (
				D50610A728061EBF00BC51AC /* StorageService.framework in Embed Frameworks */,
			);
			name = "Embed Frameworks";
			runOnlyForDeploymentPostprocessing = 0;
		};
/* End PBXCopyFilesBuildPhase section */

/* Begin PBXFileReference section */
		1F2B761528EAC43D0001CFD6 /* Localizable En.stringsdict */ = {isa = PBXFileReference; fileEncoding = 4; lastKnownFileType = text.plist.stringsdict; path = "Localizable En.stringsdict"; sourceTree = "<group>"; };
		1F2B761628EAC43D0001CFD6 /* Localizable Ru.strings */ = {isa = PBXFileReference; fileEncoding = 4; lastKnownFileType = text.plist.strings; path = "Localizable Ru.strings"; sourceTree = "<group>"; };
		1F2B761828EAC43D0001CFD6 /* ru */ = {isa = PBXFileReference; lastKnownFileType = text.plist.stringsdict; name = ru; path = "../../../../../Downloads/Navigation-feature-iosadv-task-2/Navigation/AppState/Localizable/ru.lproj/Localizable Ru.stringsdict"; sourceTree = "<group>"; };
		1F2B761A28EAC43D0001CFD6 /* en */ = {isa = PBXFileReference; lastKnownFileType = text.plist.strings; name = en; path = "../../../../../Downloads/Navigation-feature-iosadv-task-2/Navigation/AppState/Localizable/en.lproj/Localizable En.strings"; sourceTree = "<group>"; };
		1F2B761F28EAC7560001CFD6 /* Labels.swift */ = {isa = PBXFileReference; fileEncoding = 4; lastKnownFileType = sourcecode.swift; path = Labels.swift; sourceTree = "<group>"; };
		D500D730287F594F00ED1FBA /* FavoriteViewController.swift */ = {isa = PBXFileReference; lastKnownFileType = sourcecode.swift; path = FavoriteViewController.swift; sourceTree = "<group>"; };
		D500D733287F598E00ED1FBA /* FavoriteCoordinator.swift */ = {isa = PBXFileReference; lastKnownFileType = sourcecode.swift; path = FavoriteCoordinator.swift; sourceTree = "<group>"; };
		D500D735287F59D200ED1FBA /* CoreDataManager.swift */ = {isa = PBXFileReference; lastKnownFileType = sourcecode.swift; path = CoreDataManager.swift; sourceTree = "<group>"; };
		D506109128061EBF00BC51AC /* StorageService.framework */ = {isa = PBXFileReference; explicitFileType = wrapper.framework; includeInIndex = 0; path = StorageService.framework; sourceTree = BUILT_PRODUCTS_DIR; };
		D506109328061EBF00BC51AC /* StorageService.h */ = {isa = PBXFileReference; lastKnownFileType = sourcecode.c.h; path = StorageService.h; sourceTree = "<group>"; };
		D506109428061EBF00BC51AC /* StorageService.docc */ = {isa = PBXFileReference; lastKnownFileType = folder.documentationcatalog; path = StorageService.docc; sourceTree = "<group>"; };
		D506109A28061EBF00BC51AC /* StorageServiceTests.xctest */ = {isa = PBXFileReference; explicitFileType = wrapper.cfbundle; includeInIndex = 0; path = StorageServiceTests.xctest; sourceTree = BUILT_PRODUCTS_DIR; };
		D50610A128061EBF00BC51AC /* StorageServiceTests.swift */ = {isa = PBXFileReference; lastKnownFileType = sourcecode.swift; path = StorageServiceTests.swift; sourceTree = "<group>"; };
		D52F469D27D4E224002BD753 /* ColorSet.swift */ = {isa = PBXFileReference; lastKnownFileType = sourcecode.swift; path = ColorSet.swift; sourceTree = "<group>"; };
		D530410D27C39882003DD19F /* Post.swift */ = {isa = PBXFileReference; lastKnownFileType = sourcecode.swift; path = Post.swift; sourceTree = "<group>"; };
		D53256F8285533940047582E /* MusicTableViewCell.swift */ = {isa = PBXFileReference; lastKnownFileType = sourcecode.swift; path = MusicTableViewCell.swift; sourceTree = "<group>"; };
		D53256FA285534110047582E /* VideoTableViewCell.swift */ = {isa = PBXFileReference; lastKnownFileType = sourcecode.swift; path = VideoTableViewCell.swift; sourceTree = "<group>"; };
		D53256FC28553A320047582E /* VidePlayerViewController.swift */ = {isa = PBXFileReference; lastKnownFileType = sourcecode.swift; path = VidePlayerViewController.swift; sourceTree = "<group>"; };
		D541A0DB285B416000ADFEB3 /* NetworkService.swift */ = {isa = PBXFileReference; lastKnownFileType = sourcecode.swift; path = NetworkService.swift; sourceTree = "<group>"; };
		D541A0DD285B60B000ADFEB3 /* AppConfiguration.swift */ = {isa = PBXFileReference; lastKnownFileType = sourcecode.swift; path = AppConfiguration.swift; sourceTree = "<group>"; };
		D541A1B92886DFF9005D2DAF /* FavoritePostModel.xcdatamodel */ = {isa = PBXFileReference; lastKnownFileType = wrapper.xcdatamodel; path = FavoritePostModel.xcdatamodel; sourceTree = "<group>"; };
		D54536F7287AE08500B5A64D /* LoginFactoryProtocol.swift */ = {isa = PBXFileReference; lastKnownFileType = sourcecode.swift; path = LoginFactoryProtocol.swift; sourceTree = "<group>"; };
		D54536F9287AE0A800B5A64D /* LoginFactory.swift */ = {isa = PBXFileReference; lastKnownFileType = sourcecode.swift; path = LoginFactory.swift; sourceTree = "<group>"; };
		D54536FB287AE0C900B5A64D /* LoginInspector.swift */ = {isa = PBXFileReference; lastKnownFileType = sourcecode.swift; path = LoginInspector.swift; sourceTree = "<group>"; };
		D54536FE287AE21F00B5A64D /* LoginViewControllerDelegate.swift */ = {isa = PBXFileReference; lastKnownFileType = sourcecode.swift; path = LoginViewControllerDelegate.swift; sourceTree = "<group>"; };
		D562464327C810490022DDFC /* PostTableViewCell.swift */ = {isa = PBXFileReference; lastKnownFileType = sourcecode.swift; path = PostTableViewCell.swift; sourceTree = "<group>"; };
		D562464527C826350022DDFC /* Constants.swift */ = {isa = PBXFileReference; lastKnownFileType = sourcecode.swift; path = Constants.swift; sourceTree = "<group>"; };
		D56E238128C8C0BB002E094D /* LocationsCoordinator.swift */ = {isa = PBXFileReference; lastKnownFileType = sourcecode.swift; path = LocationsCoordinator.swift; sourceTree = "<group>"; };
		D56E238328C8C0E0002E094D /* LocationsViewController.swift */ = {isa = PBXFileReference; lastKnownFileType = sourcecode.swift; path = LocationsViewController.swift; sourceTree = "<group>"; };
		D575870A27BEB11000570D3F /* ProfileHeaderView.swift */ = {isa = PBXFileReference; lastKnownFileType = sourcecode.swift; path = ProfileHeaderView.swift; sourceTree = "<group>"; };
		D5851F152863AED400D65A51 /* InfoCoordinator.swift */ = {isa = PBXFileReference; lastKnownFileType = sourcecode.swift; path = InfoCoordinator.swift; sourceTree = "<group>"; };
		D5851F1A2863AF3000D65A51 /* InfoModel.swift */ = {isa = PBXFileReference; lastKnownFileType = sourcecode.swift; path = InfoModel.swift; sourceTree = "<group>"; };
		D5851F1D2863B01F00D65A51 /* InfoNetworkManager.swift */ = {isa = PBXFileReference; lastKnownFileType = sourcecode.swift; path = InfoNetworkManager.swift; sourceTree = "<group>"; };
		D5851F1F2864E50600D65A51 /* PlanetsNetworkManager.swift */ = {isa = PBXFileReference; lastKnownFileType = sourcecode.swift; path = PlanetsNetworkManager.swift; sourceTree = "<group>"; };
		D5851F212864E51600D65A51 /* PlanetsModel.swift */ = {isa = PBXFileReference; lastKnownFileType = sourcecode.swift; path = PlanetsModel.swift; sourceTree = "<group>"; };
		D59DA3DF28957211000009EF /* CoreDataStack.swift */ = {isa = PBXFileReference; lastKnownFileType = sourcecode.swift; path = CoreDataStack.swift; sourceTree = "<group>"; };
		D5A0745E28159082003BF856 /* UserValidation.swift */ = {isa = PBXFileReference; lastKnownFileType = sourcecode.swift; path = UserValidation.swift; sourceTree = "<group>"; };
		D5A356BE27D2BBBE007316DD /* PhotosCollectionViewCell.swift */ = {isa = PBXFileReference; lastKnownFileType = sourcecode.swift; path = PhotosCollectionViewCell.swift; sourceTree = "<group>"; };
		D5A392CE282FD2760073E034 /* PostTableViewCellViewModel.swift */ = {isa = PBXFileReference; lastKnownFileType = sourcecode.swift; path = PostTableViewCellViewModel.swift; sourceTree = "<group>"; };
		D5A392D9282FD7430073E034 /* Post.swift */ = {isa = PBXFileReference; lastKnownFileType = sourcecode.swift; path = Post.swift; sourceTree = "<group>"; };
		D5A392DB28310D210073E034 /* PhotosVIewModel.swift */ = {isa = PBXFileReference; lastKnownFileType = sourcecode.swift; path = PhotosVIewModel.swift; sourceTree = "<group>"; };
		D5A392E1283116460073E034 /* PhotosCollectionViewCellViewModel.swift */ = {isa = PBXFileReference; lastKnownFileType = sourcecode.swift; path = PhotosCollectionViewCellViewModel.swift; sourceTree = "<group>"; };
		D5A392EA283192C20073E034 /* NewPostViewModel.swift */ = {isa = PBXFileReference; lastKnownFileType = sourcecode.swift; path = NewPostViewModel.swift; sourceTree = "<group>"; };
		D5A392EC2831950B0073E034 /* InfoViewModel.swift */ = {isa = PBXFileReference; lastKnownFileType = sourcecode.swift; path = InfoViewModel.swift; sourceTree = "<group>"; };
		D5A529ED2854ABF000A0DB32 /* MusicViewController.swift */ = {isa = PBXFileReference; lastKnownFileType = sourcecode.swift; path = MusicViewController.swift; sourceTree = "<group>"; };
		D5A529EF2854ABFD00A0DB32 /* VideoViewController.swift */ = {isa = PBXFileReference; lastKnownFileType = sourcecode.swift; path = VideoViewController.swift; sourceTree = "<group>"; };
		D5A529F52854AC9500A0DB32 /* MusicCoordinator.swift */ = {isa = PBXFileReference; lastKnownFileType = sourcecode.swift; path = MusicCoordinator.swift; sourceTree = "<group>"; };
		D5A529F72854AD3500A0DB32 /* MusicViewModel.swift */ = {isa = PBXFileReference; lastKnownFileType = sourcecode.swift; path = MusicViewModel.swift; sourceTree = "<group>"; };
		D5A529F92854AECE00A0DB32 /* MusicPlayerView.swift */ = {isa = PBXFileReference; lastKnownFileType = sourcecode.swift; path = MusicPlayerView.swift; sourceTree = "<group>"; };
		D5A52A082854C6E900A0DB32 /* VideoCoordinator.swift */ = {isa = PBXFileReference; lastKnownFileType = sourcecode.swift; path = VideoCoordinator.swift; sourceTree = "<group>"; };
		D5A52A0B2854C72A00A0DB32 /* VideoViewModel.swift */ = {isa = PBXFileReference; lastKnownFileType = sourcecode.swift; path = VideoViewModel.swift; sourceTree = "<group>"; };
		D5A7F0B427C245FA00962E7D /* LogInViewController.swift */ = {isa = PBXFileReference; lastKnownFileType = sourcecode.swift; path = LogInViewController.swift; sourceTree = "<group>"; };
		D5AB1A4827D144370072E723 /* PhotosViewController.swift */ = {isa = PBXFileReference; lastKnownFileType = sourcecode.swift; path = PhotosViewController.swift; sourceTree = "<group>"; };
		D5AB1A4C27D2B6880072E723 /* ContentManager.swift */ = {isa = PBXFileReference; lastKnownFileType = sourcecode.swift; path = ContentManager.swift; sourceTree = "<group>"; };
		D5B669642866584C00C699C1 /* ResidentsNetworkManager.swift */ = {isa = PBXFileReference; lastKnownFileType = sourcecode.swift; path = ResidentsNetworkManager.swift; sourceTree = "<group>"; };
		D5BA980B28268499005921CF /* FeedViewModel.swift */ = {isa = PBXFileReference; lastKnownFileType = sourcecode.swift; path = FeedViewModel.swift; sourceTree = "<group>"; };
		D5BDB01828705D650089D530 /* CustomTextfield.swift */ = {isa = PBXFileReference; lastKnownFileType = sourcecode.swift; path = CustomTextfield.swift; sourceTree = "<group>"; };
		D5C0B0FD282D89DC00ABCB88 /* MainTabBarViewController.swift */ = {isa = PBXFileReference; fileEncoding = 4; lastKnownFileType = sourcecode.swift; path = MainTabBarViewController.swift; sourceTree = "<group>"; };
		D5CBFD5D27CEC7B600B4FCEC /* PhotosTableViewCell.swift */ = {isa = PBXFileReference; lastKnownFileType = sourcecode.swift; path = PhotosTableViewCell.swift; sourceTree = "<group>"; };
		D5CC1EEA282D954600137A94 /* MainCoordinator.swift */ = {isa = PBXFileReference; lastKnownFileType = sourcecode.swift; path = MainCoordinator.swift; sourceTree = "<group>"; };
		D5CC1EEC282D980E00137A94 /* FeedCoordinator.swift */ = {isa = PBXFileReference; lastKnownFileType = sourcecode.swift; path = FeedCoordinator.swift; sourceTree = "<group>"; };
		D5CC1EEE282D982500137A94 /* ProfileCoordinator.swift */ = {isa = PBXFileReference; lastKnownFileType = sourcecode.swift; path = ProfileCoordinator.swift; sourceTree = "<group>"; };
		D5CC1EF3282DA8D500137A94 /* ProfileViewModel.swift */ = {isa = PBXFileReference; lastKnownFileType = sourcecode.swift; path = ProfileViewModel.swift; sourceTree = "<group>"; };
		D5DF549828577F6800FECC98 /* User.swift */ = {isa = PBXFileReference; lastKnownFileType = sourcecode.swift; path = User.swift; sourceTree = "<group>"; };
		D5E922292816A81F00748286 /* Factory.swift */ = {isa = PBXFileReference; lastKnownFileType = sourcecode.swift; path = Factory.swift; sourceTree = "<group>"; };
		D5ED095C27B5A423007F70C6 /* Navigation.app */ = {isa = PBXFileReference; explicitFileType = wrapper.application; includeInIndex = 0; path = Navigation.app; sourceTree = BUILT_PRODUCTS_DIR; };
		D5ED095F27B5A423007F70C6 /* AppDelegate.swift */ = {isa = PBXFileReference; lastKnownFileType = sourcecode.swift; path = AppDelegate.swift; sourceTree = "<group>"; };
		D5ED096827B5A428007F70C6 /* Assets.xcassets */ = {isa = PBXFileReference; lastKnownFileType = folder.assetcatalog; path = Assets.xcassets; sourceTree = "<group>"; };
		D5ED096B27B5A428007F70C6 /* Base */ = {isa = PBXFileReference; lastKnownFileType = file.storyboard; name = Base; path = Base.lproj/LaunchScreen.storyboard; sourceTree = "<group>"; };
		D5ED096D27B5A428007F70C6 /* Info.plist */ = {isa = PBXFileReference; lastKnownFileType = text.plist.xml; path = Info.plist; sourceTree = "<group>"; };
		D5ED097327B5A5C3007F70C6 /* FeedViewController.swift */ = {isa = PBXFileReference; lastKnownFileType = sourcecode.swift; path = FeedViewController.swift; sourceTree = "<group>"; };
		D5ED097527B5A5D0007F70C6 /* ProfileViewController.swift */ = {isa = PBXFileReference; lastKnownFileType = sourcecode.swift; path = ProfileViewController.swift; sourceTree = "<group>"; };
		D5ED097727B66965007F70C6 /* NewPostViewController.swift */ = {isa = PBXFileReference; lastKnownFileType = sourcecode.swift; path = NewPostViewController.swift; sourceTree = "<group>"; };
		D5ED097927B68627007F70C6 /* InfoViewController.swift */ = {isa = PBXFileReference; lastKnownFileType = sourcecode.swift; path = InfoViewController.swift; sourceTree = "<group>"; };
		D5FB342F282467D40007BF59 /* CustomButton.swift */ = {isa = PBXFileReference; lastKnownFileType = sourcecode.swift; path = CustomButton.swift; sourceTree = "<group>"; };
/* End PBXFileReference section */

/* Begin PBXFrameworksBuildPhase section */
		D506108E28061EBF00BC51AC /* Frameworks */ = {
			isa = PBXFrameworksBuildPhase;
			buildActionMask = 2147483647;
			files = (
			);
			runOnlyForDeploymentPostprocessing = 0;
		};
		D506109728061EBF00BC51AC /* Frameworks */ = {
			isa = PBXFrameworksBuildPhase;
			buildActionMask = 2147483647;
			files = (
				D506109B28061EBF00BC51AC /* StorageService.framework in Frameworks */,
			);
			runOnlyForDeploymentPostprocessing = 0;
		};
		D5ED095927B5A423007F70C6 /* Frameworks */ = {
			isa = PBXFrameworksBuildPhase;
			buildActionMask = 2147483647;
			files = (
				D5FCC7B52880A662009F5467 /* SnapKit in Frameworks */,
				D552CCC62880A388009FF162 /* iOSIntPackage in Frameworks */,
				D50610A628061EBF00BC51AC /* StorageService.framework in Frameworks */,
			);
			runOnlyForDeploymentPostprocessing = 0;
		};
/* End PBXFrameworksBuildPhase section */

/* Begin PBXGroup section */
		1F2B761028EAC3830001CFD6 /* Localizable */ = {
			isa = PBXGroup;
			children = (
				1F2B761928EAC43D0001CFD6 /* Localizable En.strings */,
				1F2B761628EAC43D0001CFD6 /* Localizable Ru.strings */,
				1F2B761728EAC43D0001CFD6 /* Localizable Ru.stringsdict */,
				1F2B761528EAC43D0001CFD6 /* Localizable En.stringsdict */,
			);
			path = Localizable;
			sourceTree = "<group>";
		};
		D500D732287F596300ED1FBA /* Favorite */ = {
			isa = PBXGroup;
			children = (
				D500D738287F5CFA00ED1FBA /* Coordinator */,
				D500D739287F5D0400ED1FBA /* View */,
			);
			path = Favorite;
			sourceTree = "<group>";
		};
		D500D737287F5CF400ED1FBA /* CoreData */ = {
			isa = PBXGroup;
			children = (
				D500D735287F59D200ED1FBA /* CoreDataManager.swift */,
				D59DA3DF28957211000009EF /* CoreDataStack.swift */,
				D541A1B82886DFF9005D2DAF /* FavoritePostModel.xcdatamodeld */,
			);
			path = CoreData;
			sourceTree = "<group>";
		};
		D500D738287F5CFA00ED1FBA /* Coordinator */ = {
			isa = PBXGroup;
			children = (
				D500D733287F598E00ED1FBA /* FavoriteCoordinator.swift */,
			);
			path = Coordinator;
			sourceTree = "<group>";
		};
		D500D739287F5D0400ED1FBA /* View */ = {
			isa = PBXGroup;
			children = (
				D500D730287F594F00ED1FBA /* FavoriteViewController.swift */,
			);
			path = View;
			sourceTree = "<group>";
		};
		D506109228061EBF00BC51AC /* StorageService */ = {
			isa = PBXGroup;
			children = (
				D530410D27C39882003DD19F /* Post.swift */,
				D506109328061EBF00BC51AC /* StorageService.h */,
				D506109428061EBF00BC51AC /* StorageService.docc */,
			);
			path = StorageService;
			sourceTree = "<group>";
		};
		D50610A028061EBF00BC51AC /* StorageServiceTests */ = {
			isa = PBXGroup;
			children = (
				D50610A128061EBF00BC51AC /* StorageServiceTests.swift */,
			);
			path = StorageServiceTests;
			sourceTree = "<group>";
		};
		D53256FE28553B2A0047582E /* View */ = {
			isa = PBXGroup;
			children = (
				D53256FC28553A320047582E /* VidePlayerViewController.swift */,
				D5A529EF2854ABFD00A0DB32 /* VideoViewController.swift */,
				D53256FA285534110047582E /* VideoTableViewCell.swift */,
			);
			path = View;
			sourceTree = "<group>";
		};
		D54536FD287AE0ED00B5A64D /* UserValidation */ = {
			isa = PBXGroup;
			children = (
				D54536FE287AE21F00B5A64D /* LoginViewControllerDelegate.swift */,
				D54536FB287AE0C900B5A64D /* LoginInspector.swift */,
				D54536F7287AE08500B5A64D /* LoginFactoryProtocol.swift */,
				D54536F9287AE0A800B5A64D /* LoginFactory.swift */,
				D5A0745E28159082003BF856 /* UserValidation.swift */,
			);
			path = UserValidation;
			sourceTree = "<group>";
		};
		D56E237E28C8C08B002E094D /* Locations */ = {
			isa = PBXGroup;
			children = (
				D56E237F28C8C09C002E094D /* Coordinator */,
				D56E238028C8C0A7002E094D /* View */,
			);
			path = Locations;
			sourceTree = "<group>";
		};
		D56E237F28C8C09C002E094D /* Coordinator */ = {
			isa = PBXGroup;
			children = (
				D56E238128C8C0BB002E094D /* LocationsCoordinator.swift */,
			);
			path = Coordinator;
			sourceTree = "<group>";
		};
		D56E238028C8C0A7002E094D /* View */ = {
			isa = PBXGroup;
			children = (
				D56E238328C8C0E0002E094D /* LocationsViewController.swift */,
			);
			path = View;
			sourceTree = "<group>";
		};
		D575870927BEB0A900570D3F /* Profile */ = {
			isa = PBXGroup;
			children = (
				D5A392E3283120C40073E034 /* Coordinator */,
				D5A392D5282FD66E0073E034 /* Model */,
				D5A392D6282FD67D0073E034 /* View */,
				D5A392D7282FD6840073E034 /* ViewModel */,
			);
			path = Profile;
			sourceTree = "<group>";
		};
		D5851F132863AE9F00D65A51 /* Info */ = {
			isa = PBXGroup;
			children = (
				D5851F1C2863B00D00D65A51 /* NetworkManager */,
				D5851F142863AEC100D65A51 /* Coordinator */,
				D5851F192863AF1100D65A51 /* Model */,
				D5851F172863AEE300D65A51 /* View */,
				D5851F182863AF0C00D65A51 /* ViewModel */,
			);
			path = Info;
			sourceTree = "<group>";
		};
		D5851F142863AEC100D65A51 /* Coordinator */ = {
			isa = PBXGroup;
			children = (
				D5851F152863AED400D65A51 /* InfoCoordinator.swift */,
			);
			path = Coordinator;
			sourceTree = "<group>";
		};
		D5851F172863AEE300D65A51 /* View */ = {
			isa = PBXGroup;
			children = (
				D5ED097927B68627007F70C6 /* InfoViewController.swift */,
			);
			path = View;
			sourceTree = "<group>";
		};
		D5851F182863AF0C00D65A51 /* ViewModel */ = {
			isa = PBXGroup;
			children = (
				D5A392EC2831950B0073E034 /* InfoViewModel.swift */,
			);
			path = ViewModel;
			sourceTree = "<group>";
		};
		D5851F192863AF1100D65A51 /* Model */ = {
			isa = PBXGroup;
			children = (
				D5851F1A2863AF3000D65A51 /* InfoModel.swift */,
				D5851F212864E51600D65A51 /* PlanetsModel.swift */,
			);
			path = Model;
			sourceTree = "<group>";
		};
		D5851F1C2863B00D00D65A51 /* NetworkManager */ = {
			isa = PBXGroup;
			children = (
				D5851F1D2863B01F00D65A51 /* InfoNetworkManager.swift */,
				D5851F1F2864E50600D65A51 /* PlanetsNetworkManager.swift */,
				D5B669642866584C00C699C1 /* ResidentsNetworkManager.swift */,
			);
			path = NetworkManager;
			sourceTree = "<group>";
		};
		D59B186928914E4500590A26 /* Login */ = {
			isa = PBXGroup;
			children = (
				D59B186A28914E5C00590A26 /* View */,
			);
			path = Login;
			sourceTree = "<group>";
		};
		D59B186A28914E5C00590A26 /* View */ = {
			isa = PBXGroup;
			children = (
				D5A7F0B427C245FA00962E7D /* LogInViewController.swift */,
			);
			path = View;
			sourceTree = "<group>";
		};
		D5A392D5282FD66E0073E034 /* Model */ = {
			isa = PBXGroup;
			children = (
				D5A392D9282FD7430073E034 /* Post.swift */,
			);
			path = Model;
			sourceTree = "<group>";
		};
		D5A392D6282FD67D0073E034 /* View */ = {
			isa = PBXGroup;
			children = (
				D5ED097527B5A5D0007F70C6 /* ProfileViewController.swift */,
				D562464327C810490022DDFC /* PostTableViewCell.swift */,
				D5AB1A4827D144370072E723 /* PhotosViewController.swift */,
				D5A356BE27D2BBBE007316DD /* PhotosCollectionViewCell.swift */,
				D5CBFD5D27CEC7B600B4FCEC /* PhotosTableViewCell.swift */,
				D575870A27BEB11000570D3F /* ProfileHeaderView.swift */,
			);
			path = View;
			sourceTree = "<group>";
		};
		D5A392D7282FD6840073E034 /* ViewModel */ = {
			isa = PBXGroup;
			children = (
				D5CC1EF3282DA8D500137A94 /* ProfileViewModel.swift */,
				D5A392CE282FD2760073E034 /* PostTableViewCellViewModel.swift */,
				D5A392E1283116460073E034 /* PhotosCollectionViewCellViewModel.swift */,
				D5A392DB28310D210073E034 /* PhotosVIewModel.swift */,
			);
			path = ViewModel;
			sourceTree = "<group>";
		};
		D5A392E3283120C40073E034 /* Coordinator */ = {
			isa = PBXGroup;
			children = (
				D5CC1EEE282D982500137A94 /* ProfileCoordinator.swift */,
			);
			path = Coordinator;
			sourceTree = "<group>";
		};
		D5A392E4283120FC0073E034 /* Coordinator */ = {
			isa = PBXGroup;
			children = (
				D5CC1EEC282D980E00137A94 /* FeedCoordinator.swift */,
			);
			path = Coordinator;
			sourceTree = "<group>";
		};
		D5A392E5283121290073E034 /* View */ = {
			isa = PBXGroup;
			children = (
				D5ED097327B5A5C3007F70C6 /* FeedViewController.swift */,
				D5ED097727B66965007F70C6 /* NewPostViewController.swift */,
			);
			path = View;
			sourceTree = "<group>";
		};
		D5A392E62831212F0073E034 /* ViewModel */ = {
			isa = PBXGroup;
			children = (
				D5BA980B28268499005921CF /* FeedViewModel.swift */,
				D5A392EA283192C20073E034 /* NewPostViewModel.swift */,
			);
			path = ViewModel;
			sourceTree = "<group>";
		};
		D5A529EB2854AB5100A0DB32 /* Music */ = {
			isa = PBXGroup;
			children = (
				D5A529FB2854B72600A0DB32 /* Tracks */,
				D5A529F42854AC2E00A0DB32 /* ViewModel */,
				D5A529F32854AC2800A0DB32 /* View */,
				D5A529F12854AC1900A0DB32 /* Coordinator */,
			);
			path = Music;
			sourceTree = "<group>";
		};
		D5A529EC2854AB7200A0DB32 /* Video */ = {
			isa = PBXGroup;
			children = (
				D5A52A0A2854C70A00A0DB32 /* ViewModel */,
				D5A52A062854C67200A0DB32 /* Coordinator */,
				D53256FE28553B2A0047582E /* View */,
			);
			path = Video;
			sourceTree = "<group>";
		};
		D5A529F12854AC1900A0DB32 /* Coordinator */ = {
			isa = PBXGroup;
			children = (
				D5A529F52854AC9500A0DB32 /* MusicCoordinator.swift */,
			);
			path = Coordinator;
			sourceTree = "<group>";
		};
		D5A529F32854AC2800A0DB32 /* View */ = {
			isa = PBXGroup;
			children = (
				D5A529ED2854ABF000A0DB32 /* MusicViewController.swift */,
				D53256F8285533940047582E /* MusicTableViewCell.swift */,
				D5A529F92854AECE00A0DB32 /* MusicPlayerView.swift */,
			);
			path = View;
			sourceTree = "<group>";
		};
		D5A529F42854AC2E00A0DB32 /* ViewModel */ = {
			isa = PBXGroup;
			children = (
				D5A529F72854AD3500A0DB32 /* MusicViewModel.swift */,
			);
			path = ViewModel;
			sourceTree = "<group>";
		};
		D5A529FB2854B72600A0DB32 /* Tracks */ = {
			isa = PBXGroup;
			children = (
			);
			path = Tracks;
			sourceTree = "<group>";
		};
		D5A52A062854C67200A0DB32 /* Coordinator */ = {
			isa = PBXGroup;
			children = (
				D5A52A082854C6E900A0DB32 /* VideoCoordinator.swift */,
			);
			path = Coordinator;
			sourceTree = "<group>";
		};
		D5A52A0A2854C70A00A0DB32 /* ViewModel */ = {
			isa = PBXGroup;
			children = (
				D5A52A0B2854C72A00A0DB32 /* VideoViewModel.swift */,
			);
			path = ViewModel;
			sourceTree = "<group>";
		};
		D5BDB01728705D470089D530 /* Facades */ = {
			isa = PBXGroup;
			children = (
				D5FB342F282467D40007BF59 /* CustomButton.swift */,
				D5BDB01828705D650089D530 /* CustomTextfield.swift */,
			);
			path = Facades;
			sourceTree = "<group>";
		};
		D5C0B0FC282D89AC00ABCB88 /* TabBarController */ = {
			isa = PBXGroup;
			children = (
				D5C0B0FD282D89DC00ABCB88 /* MainTabBarViewController.swift */,
			);
			path = TabBarController;
			sourceTree = "<group>";
		};
		D5CC1EE6282D950B00137A94 /* MainCoordinator */ = {
			isa = PBXGroup;
			children = (
				D5CC1EEA282D954600137A94 /* MainCoordinator.swift */,
			);
			path = MainCoordinator;
			sourceTree = "<group>";
		};
		D5CC1EF0282DA42000137A94 /* Feed */ = {
			isa = PBXGroup;
			children = (
				D5A392E4283120FC0073E034 /* Coordinator */,
				D5A392E5283121290073E034 /* View */,
				D5A392E62831212F0073E034 /* ViewModel */,
			);
			path = Feed;
			sourceTree = "<group>";
		};
		D5E9222B2816A84200748286 /* AppState */ = {
			isa = PBXGroup;
			children = (
				1F2B761028EAC3830001CFD6 /* Localizable */,
				D5ED095F27B5A423007F70C6 /* AppDelegate.swift */,
				D5E922292816A81F00748286 /* Factory.swift */,
				D5DF549828577F6800FECC98 /* User.swift */,
				D562464527C826350022DDFC /* Constants.swift */,
				D52F469D27D4E224002BD753 /* ColorSet.swift */,
				D5AB1A4C27D2B6880072E723 /* ContentManager.swift */,
				D541A0DB285B416000ADFEB3 /* NetworkService.swift */,
				D541A0DD285B60B000ADFEB3 /* AppConfiguration.swift */,
				1F2B761F28EAC7560001CFD6 /* Labels.swift */,
				D5BDB01728705D470089D530 /* Facades */,
			);
			path = AppState;
			sourceTree = "<group>";
		};
		D5ED095327B5A423007F70C6 = {
			isa = PBXGroup;
			children = (
				D5ED095E27B5A423007F70C6 /* Navigation */,
				D506109228061EBF00BC51AC /* StorageService */,
				D50610A028061EBF00BC51AC /* StorageServiceTests */,
				D5ED095D27B5A423007F70C6 /* Products */,
			);
			sourceTree = "<group>";
		};
		D5ED095D27B5A423007F70C6 /* Products */ = {
			isa = PBXGroup;
			children = (
				D5ED095C27B5A423007F70C6 /* Navigation.app */,
				D506109128061EBF00BC51AC /* StorageService.framework */,
				D506109A28061EBF00BC51AC /* StorageServiceTests.xctest */,
			);
			name = Products;
			sourceTree = "<group>";
		};
		D5ED095E27B5A423007F70C6 /* Navigation */ = {
			isa = PBXGroup;
			children = (
				D500D737287F5CF400ED1FBA /* CoreData */,
				D54536FD287AE0ED00B5A64D /* UserValidation */,
				D5E9222B2816A84200748286 /* AppState */,
				D5CC1EE6282D950B00137A94 /* MainCoordinator */,
				D5C0B0FC282D89AC00ABCB88 /* TabBarController */,
				D59B186928914E4500590A26 /* Login */,
				D575870927BEB0A900570D3F /* Profile */,
				D5851F132863AE9F00D65A51 /* Info */,
				D5CC1EF0282DA42000137A94 /* Feed */,
				D5A529EB2854AB5100A0DB32 /* Music */,
				D5A529EC2854AB7200A0DB32 /* Video */,
				D500D732287F596300ED1FBA /* Favorite */,
				D56E237E28C8C08B002E094D /* Locations */,
				D5ED096827B5A428007F70C6 /* Assets.xcassets */,
				D5ED096A27B5A428007F70C6 /* LaunchScreen.storyboard */,
				D5ED096D27B5A428007F70C6 /* Info.plist */,
			);
			path = Navigation;
			sourceTree = "<group>";
		};
/* End PBXGroup section */

/* Begin PBXHeadersBuildPhase section */
		D506108C28061EBF00BC51AC /* Headers */ = {
			isa = PBXHeadersBuildPhase;
			buildActionMask = 2147483647;
			files = (
				D50610A328061EBF00BC51AC /* StorageService.h in Headers */,
			);
			runOnlyForDeploymentPostprocessing = 0;
		};
/* End PBXHeadersBuildPhase section */

/* Begin PBXNativeTarget section */
		D506109028061EBF00BC51AC /* StorageService */ = {
			isa = PBXNativeTarget;
			buildConfigurationList = D50610AD28061EBF00BC51AC /* Build configuration list for PBXNativeTarget "StorageService" */;
			buildPhases = (
				D506108C28061EBF00BC51AC /* Headers */,
				D506108D28061EBF00BC51AC /* Sources */,
				D506108E28061EBF00BC51AC /* Frameworks */,
				D506108F28061EBF00BC51AC /* Resources */,
			);
			buildRules = (
			);
			dependencies = (
			);
			name = StorageService;
			productName = StorageService;
			productReference = D506109128061EBF00BC51AC /* StorageService.framework */;
			productType = "com.apple.product-type.framework";
		};
		D506109928061EBF00BC51AC /* StorageServiceTests */ = {
			isa = PBXNativeTarget;
			buildConfigurationList = D50610AE28061EBF00BC51AC /* Build configuration list for PBXNativeTarget "StorageServiceTests" */;
			buildPhases = (
				D506109628061EBF00BC51AC /* Sources */,
				D506109728061EBF00BC51AC /* Frameworks */,
				D506109828061EBF00BC51AC /* Resources */,
			);
			buildRules = (
			);
			dependencies = (
				D506109D28061EBF00BC51AC /* PBXTargetDependency */,
				D506109F28061EBF00BC51AC /* PBXTargetDependency */,
			);
			name = StorageServiceTests;
			productName = StorageServiceTests;
			productReference = D506109A28061EBF00BC51AC /* StorageServiceTests.xctest */;
			productType = "com.apple.product-type.bundle.unit-test";
		};
		D5ED095B27B5A423007F70C6 /* Navigation */ = {
			isa = PBXNativeTarget;
			buildConfigurationList = D5ED097027B5A428007F70C6 /* Build configuration list for PBXNativeTarget "Navigation" */;
			buildPhases = (
				D5ED095827B5A423007F70C6 /* Sources */,
				D5ED095927B5A423007F70C6 /* Frameworks */,
				D5ED095A27B5A423007F70C6 /* Resources */,
				D50610A828061EBF00BC51AC /* Embed Frameworks */,
			);
			buildRules = (
			);
			dependencies = (
				D50610A528061EBF00BC51AC /* PBXTargetDependency */,
			);
			name = Navigation;
			packageProductDependencies = (
				D552CCC52880A388009FF162 /* iOSIntPackage */,
				D5FCC7B42880A662009F5467 /* SnapKit */,
			);
			productName = Navigation;
			productReference = D5ED095C27B5A423007F70C6 /* Navigation.app */;
			productType = "com.apple.product-type.application";
		};
/* End PBXNativeTarget section */

/* Begin PBXProject section */
		D5ED095427B5A423007F70C6 /* Project object */ = {
			isa = PBXProject;
			attributes = {
				BuildIndependentTargetsInParallel = 1;
				LastSwiftUpdateCheck = 1320;
				LastUpgradeCheck = 1320;
				TargetAttributes = {
					D506109028061EBF00BC51AC = {
						CreatedOnToolsVersion = 13.2.1;
					};
					D506109928061EBF00BC51AC = {
						CreatedOnToolsVersion = 13.2.1;
						TestTargetID = D5ED095B27B5A423007F70C6;
					};
					D5ED095B27B5A423007F70C6 = {
						CreatedOnToolsVersion = 13.2.1;
					};
				};
			};
			buildConfigurationList = D5ED095727B5A423007F70C6 /* Build configuration list for PBXProject "Navigation" */;
			compatibilityVersion = "Xcode 13.0";
			developmentRegion = en;
			hasScannedForEncodings = 0;
			knownRegions = (
				en,
				Base,
				ru,
			);
			mainGroup = D5ED095327B5A423007F70C6;
			packageReferences = (
				D552CCC42880A388009FF162 /* XCRemoteSwiftPackageReference "iOSIntPackage" */,
				D5FCC7B32880A662009F5467 /* XCRemoteSwiftPackageReference "SnapKit" */,
			);
			productRefGroup = D5ED095D27B5A423007F70C6 /* Products */;
			projectDirPath = "";
			projectRoot = "";
			targets = (
				D5ED095B27B5A423007F70C6 /* Navigation */,
				D506109028061EBF00BC51AC /* StorageService */,
				D506109928061EBF00BC51AC /* StorageServiceTests */,
			);
		};
/* End PBXProject section */

/* Begin PBXResourcesBuildPhase section */
		D506108F28061EBF00BC51AC /* Resources */ = {
			isa = PBXResourcesBuildPhase;
			buildActionMask = 2147483647;
			files = (
			);
			runOnlyForDeploymentPostprocessing = 0;
		};
		D506109828061EBF00BC51AC /* Resources */ = {
			isa = PBXResourcesBuildPhase;
			buildActionMask = 2147483647;
			files = (
			);
			runOnlyForDeploymentPostprocessing = 0;
		};
		D5ED095A27B5A423007F70C6 /* Resources */ = {
			isa = PBXResourcesBuildPhase;
			buildActionMask = 2147483647;
			files = (
				D5ED096C27B5A428007F70C6 /* LaunchScreen.storyboard in Resources */,
				1F2B761E28EAC43D0001CFD6 /* Localizable En.strings in Resources */,
				1F2B761C28EAC43D0001CFD6 /* Localizable Ru.strings in Resources */,
				D5ED096927B5A428007F70C6 /* Assets.xcassets in Resources */,
				1F2B761D28EAC43D0001CFD6 /* Localizable Ru.stringsdict in Resources */,
				1F2B761B28EAC43D0001CFD6 /* Localizable En.stringsdict in Resources */,
			);
			runOnlyForDeploymentPostprocessing = 0;
		};
/* End PBXResourcesBuildPhase section */

/* Begin PBXSourcesBuildPhase section */
		D506108D28061EBF00BC51AC /* Sources */ = {
			isa = PBXSourcesBuildPhase;
			buildActionMask = 2147483647;
			files = (
				D506109528061EBF00BC51AC /* StorageService.docc in Sources */,
				D5A392D8282FD72C0073E034 /* Post.swift in Sources */,
			);
			runOnlyForDeploymentPostprocessing = 0;
		};
		D506109628061EBF00BC51AC /* Sources */ = {
			isa = PBXSourcesBuildPhase;
			buildActionMask = 2147483647;
			files = (
				D50610A228061EBF00BC51AC /* StorageServiceTests.swift in Sources */,
			);
			runOnlyForDeploymentPostprocessing = 0;
		};
		D5ED095827B5A423007F70C6 /* Sources */ = {
			isa = PBXSourcesBuildPhase;
			buildActionMask = 2147483647;
			files = (
				D5BDB01928705D650089D530 /* CustomTextfield.swift in Sources */,
				D5851F1B2863AF3000D65A51 /* InfoModel.swift in Sources */,
				D5851F162863AED400D65A51 /* InfoCoordinator.swift in Sources */,
				D5CC1EED282D980E00137A94 /* FeedCoordinator.swift in Sources */,
				D5BA980C28268499005921CF /* FeedViewModel.swift in Sources */,
				D54536F8287AE08500B5A64D /* LoginFactoryProtocol.swift in Sources */,
				D5CC1EEB282D954600137A94 /* MainCoordinator.swift in Sources */,
				D54536FC287AE0C900B5A64D /* LoginInspector.swift in Sources */,
				D5B669652866584C00C699C1 /* ResidentsNetworkManager.swift in Sources */,
				D56E238228C8C0BB002E094D /* LocationsCoordinator.swift in Sources */,
				D5ED097827B66965007F70C6 /* NewPostViewController.swift in Sources */,
				D5851F202864E50600D65A51 /* PlanetsNetworkManager.swift in Sources */,
				D541A1BA2886DFF9005D2DAF /* FavoritePostModel.xcdatamodeld in Sources */,
				D5C0B0FE282D89DC00ABCB88 /* MainTabBarViewController.swift in Sources */,
				D5AB1A4927D144370072E723 /* PhotosViewController.swift in Sources */,
				D5ED096027B5A423007F70C6 /* AppDelegate.swift in Sources */,
				D5CC1EEF282D982500137A94 /* ProfileCoordinator.swift in Sources */,
				D5CC1EF4282DA8D500137A94 /* ProfileViewModel.swift in Sources */,
				D5A392E2283116460073E034 /* PhotosCollectionViewCellViewModel.swift in Sources */,
				D5FB3430282467D40007BF59 /* CustomButton.swift in Sources */,
				D53256F9285533940047582E /* MusicTableViewCell.swift in Sources */,
				D5ED097A27B68627007F70C6 /* InfoViewController.swift in Sources */,
				D5A392EB283192C20073E034 /* NewPostViewModel.swift in Sources */,
				D5CBFD5E27CEC7B600B4FCEC /* PhotosTableViewCell.swift in Sources */,
				D541A0DE285B60B000ADFEB3 /* AppConfiguration.swift in Sources */,
				1F2B762028EAC7560001CFD6 /* Labels.swift in Sources */,
				D5A7F0B527C245FA00962E7D /* LogInViewController.swift in Sources */,
				D5A0745F28159082003BF856 /* UserValidation.swift in Sources */,
				D500D736287F59D200ED1FBA /* CoreDataManager.swift in Sources */,
				D5A529F02854ABFD00A0DB32 /* VideoViewController.swift in Sources */,
				D5A52A092854C6E900A0DB32 /* VideoCoordinator.swift in Sources */,
				D54536FA287AE0A800B5A64D /* LoginFactory.swift in Sources */,
				D5DF549928577F6800FECC98 /* User.swift in Sources */,
				D562464627C826350022DDFC /* Constants.swift in Sources */,
				D5E9222A2816A81F00748286 /* Factory.swift in Sources */,
				D5A392DA282FD7430073E034 /* Post.swift in Sources */,
				D5A529EE2854ABF000A0DB32 /* MusicViewController.swift in Sources */,
				D5ED097627B5A5D0007F70C6 /* ProfileViewController.swift in Sources */,
				D575870B27BEB11000570D3F /* ProfileHeaderView.swift in Sources */,
				D5A52A0C2854C72A00A0DB32 /* VideoViewModel.swift in Sources */,
				D56E238428C8C0E0002E094D /* LocationsViewController.swift in Sources */,
				D5A392CF282FD2760073E034 /* PostTableViewCellViewModel.swift in Sources */,
				D500D731287F594F00ED1FBA /* FavoriteViewController.swift in Sources */,
				D53256FB285534110047582E /* VideoTableViewCell.swift in Sources */,
				D5A529F62854AC9500A0DB32 /* MusicCoordinator.swift in Sources */,
				D5851F1E2863B01F00D65A51 /* InfoNetworkManager.swift in Sources */,
				D5A392DC28310D210073E034 /* PhotosVIewModel.swift in Sources */,
				D5851F222864E51600D65A51 /* PlanetsModel.swift in Sources */,
				D5ED097427B5A5C3007F70C6 /* FeedViewController.swift in Sources */,
				D53256FD28553A320047582E /* VidePlayerViewController.swift in Sources */,
				D541A0DC285B416000ADFEB3 /* NetworkService.swift in Sources */,
				D5A356BF27D2BBBE007316DD /* PhotosCollectionViewCell.swift in Sources */,
				D5A529F82854AD3500A0DB32 /* MusicViewModel.swift in Sources */,
				D59DA3E028957211000009EF /* CoreDataStack.swift in Sources */,
				D5AB1A4D27D2B6880072E723 /* ContentManager.swift in Sources */,
				D52F469E27D4E224002BD753 /* ColorSet.swift in Sources */,
				D5A529FA2854AECE00A0DB32 /* MusicPlayerView.swift in Sources */,
				D54536FF287AE21F00B5A64D /* LoginViewControllerDelegate.swift in Sources */,
				D562464427C810490022DDFC /* PostTableViewCell.swift in Sources */,
				D5A392ED2831950B0073E034 /* InfoViewModel.swift in Sources */,
				D500D734287F598E00ED1FBA /* FavoriteCoordinator.swift in Sources */,
			);
			runOnlyForDeploymentPostprocessing = 0;
		};
/* End PBXSourcesBuildPhase section */

/* Begin PBXTargetDependency section */
		D506109D28061EBF00BC51AC /* PBXTargetDependency */ = {
			isa = PBXTargetDependency;
			target = D506109028061EBF00BC51AC /* StorageService */;
			targetProxy = D506109C28061EBF00BC51AC /* PBXContainerItemProxy */;
		};
		D506109F28061EBF00BC51AC /* PBXTargetDependency */ = {
			isa = PBXTargetDependency;
			target = D5ED095B27B5A423007F70C6 /* Navigation */;
			targetProxy = D506109E28061EBF00BC51AC /* PBXContainerItemProxy */;
		};
		D50610A528061EBF00BC51AC /* PBXTargetDependency */ = {
			isa = PBXTargetDependency;
			target = D506109028061EBF00BC51AC /* StorageService */;
			targetProxy = D50610A428061EBF00BC51AC /* PBXContainerItemProxy */;
		};
/* End PBXTargetDependency section */

/* Begin PBXVariantGroup section */
		1F2B761728EAC43D0001CFD6 /* Localizable Ru.stringsdict */ = {
			isa = PBXVariantGroup;
			children = (
				1F2B761828EAC43D0001CFD6 /* ru */,
			);
			name = "Localizable Ru.stringsdict";
			sourceTree = "<group>";
		};
		1F2B761928EAC43D0001CFD6 /* Localizable En.strings */ = {
			isa = PBXVariantGroup;
			children = (
				1F2B761A28EAC43D0001CFD6 /* en */,
			);
			name = "Localizable En.strings";
			sourceTree = "<group>";
		};
		D5ED096A27B5A428007F70C6 /* LaunchScreen.storyboard */ = {
			isa = PBXVariantGroup;
			children = (
				D5ED096B27B5A428007F70C6 /* Base */,
			);
			name = LaunchScreen.storyboard;
			sourceTree = "<group>";
		};
/* End PBXVariantGroup section */

/* Begin XCBuildConfiguration section */
		D50610A928061EBF00BC51AC /* Debug */ = {
			isa = XCBuildConfiguration;
			buildSettings = {
				CODE_SIGN_STYLE = Automatic;
				CURRENT_PROJECT_VERSION = 1;
				DEFINES_MODULE = YES;
				DEVELOPMENT_TEAM = KY382G7762;
				DYLIB_COMPATIBILITY_VERSION = 1;
				DYLIB_CURRENT_VERSION = 1;
				DYLIB_INSTALL_NAME_BASE = "@rpath";
				GENERATE_INFOPLIST_FILE = YES;
				INFOPLIST_KEY_NSHumanReadableCopyright = "";
				INSTALL_PATH = "$(LOCAL_LIBRARY_DIR)/Frameworks";
				LD_RUNPATH_SEARCH_PATHS = (
					"$(inherited)",
					"@executable_path/Frameworks",
					"@loader_path/Frameworks",
				);
				MARKETING_VERSION = 1.0;
				PRODUCT_BUNDLE_IDENTIFIER = savie.StorageService;
				PRODUCT_NAME = "$(TARGET_NAME:c99extidentifier)";
				SKIP_INSTALL = YES;
				SWIFT_EMIT_LOC_STRINGS = YES;
				SWIFT_VERSION = 5.0;
				TARGETED_DEVICE_FAMILY = "1,2";
				VERSIONING_SYSTEM = "apple-generic";
				VERSION_INFO_PREFIX = "";
			};
			name = Debug;
		};
		D50610AA28061EBF00BC51AC /* Release */ = {
			isa = XCBuildConfiguration;
			buildSettings = {
				CODE_SIGN_STYLE = Automatic;
				CURRENT_PROJECT_VERSION = 1;
				DEFINES_MODULE = YES;
				DEVELOPMENT_TEAM = KY382G7762;
				DYLIB_COMPATIBILITY_VERSION = 1;
				DYLIB_CURRENT_VERSION = 1;
				DYLIB_INSTALL_NAME_BASE = "@rpath";
				GENERATE_INFOPLIST_FILE = YES;
				INFOPLIST_KEY_NSHumanReadableCopyright = "";
				INSTALL_PATH = "$(LOCAL_LIBRARY_DIR)/Frameworks";
				LD_RUNPATH_SEARCH_PATHS = (
					"$(inherited)",
					"@executable_path/Frameworks",
					"@loader_path/Frameworks",
				);
				MARKETING_VERSION = 1.0;
				PRODUCT_BUNDLE_IDENTIFIER = savie.StorageService;
				PRODUCT_NAME = "$(TARGET_NAME:c99extidentifier)";
				SKIP_INSTALL = YES;
				SWIFT_EMIT_LOC_STRINGS = YES;
				SWIFT_VERSION = 5.0;
				TARGETED_DEVICE_FAMILY = "1,2";
				VERSIONING_SYSTEM = "apple-generic";
				VERSION_INFO_PREFIX = "";
			};
			name = Release;
		};
		D50610AB28061EBF00BC51AC /* Debug */ = {
			isa = XCBuildConfiguration;
			buildSettings = {
				ALWAYS_EMBED_SWIFT_STANDARD_LIBRARIES = YES;
				CODE_SIGN_STYLE = Automatic;
				CURRENT_PROJECT_VERSION = 1;
				DEVELOPMENT_TEAM = KY382G7762;
				GENERATE_INFOPLIST_FILE = YES;
				MARKETING_VERSION = 1.0;
				PRODUCT_BUNDLE_IDENTIFIER = savie.StorageServiceTests;
				PRODUCT_NAME = "$(TARGET_NAME)";
				SWIFT_EMIT_LOC_STRINGS = NO;
				SWIFT_VERSION = 5.0;
				TARGETED_DEVICE_FAMILY = "1,2";
				TEST_HOST = "$(BUILT_PRODUCTS_DIR)/Navigation.app/Navigation";
			};
			name = Debug;
		};
		D50610AC28061EBF00BC51AC /* Release */ = {
			isa = XCBuildConfiguration;
			buildSettings = {
				ALWAYS_EMBED_SWIFT_STANDARD_LIBRARIES = YES;
				CODE_SIGN_STYLE = Automatic;
				CURRENT_PROJECT_VERSION = 1;
				DEVELOPMENT_TEAM = KY382G7762;
				GENERATE_INFOPLIST_FILE = YES;
				MARKETING_VERSION = 1.0;
				PRODUCT_BUNDLE_IDENTIFIER = savie.StorageServiceTests;
				PRODUCT_NAME = "$(TARGET_NAME)";
				SWIFT_EMIT_LOC_STRINGS = NO;
				SWIFT_VERSION = 5.0;
				TARGETED_DEVICE_FAMILY = "1,2";
				TEST_HOST = "$(BUILT_PRODUCTS_DIR)/Navigation.app/Navigation";
			};
			name = Release;
		};
		D5ED096E27B5A428007F70C6 /* Debug */ = {
			isa = XCBuildConfiguration;
			buildSettings = {
				ALWAYS_SEARCH_USER_PATHS = NO;
				CLANG_ANALYZER_NONNULL = YES;
				CLANG_ANALYZER_NUMBER_OBJECT_CONVERSION = YES_AGGRESSIVE;
				CLANG_CXX_LANGUAGE_STANDARD = "gnu++17";
				CLANG_CXX_LIBRARY = "libc++";
				CLANG_ENABLE_MODULES = YES;
				CLANG_ENABLE_OBJC_ARC = YES;
				CLANG_ENABLE_OBJC_WEAK = YES;
				CLANG_WARN_BLOCK_CAPTURE_AUTORELEASING = YES;
				CLANG_WARN_BOOL_CONVERSION = YES;
				CLANG_WARN_COMMA = YES;
				CLANG_WARN_CONSTANT_CONVERSION = YES;
				CLANG_WARN_DEPRECATED_OBJC_IMPLEMENTATIONS = YES;
				CLANG_WARN_DIRECT_OBJC_ISA_USAGE = YES_ERROR;
				CLANG_WARN_DOCUMENTATION_COMMENTS = YES;
				CLANG_WARN_EMPTY_BODY = YES;
				CLANG_WARN_ENUM_CONVERSION = YES;
				CLANG_WARN_INFINITE_RECURSION = YES;
				CLANG_WARN_INT_CONVERSION = YES;
				CLANG_WARN_NON_LITERAL_NULL_CONVERSION = YES;
				CLANG_WARN_OBJC_IMPLICIT_RETAIN_SELF = YES;
				CLANG_WARN_OBJC_LITERAL_CONVERSION = YES;
				CLANG_WARN_OBJC_ROOT_CLASS = YES_ERROR;
				CLANG_WARN_QUOTED_INCLUDE_IN_FRAMEWORK_HEADER = YES;
				CLANG_WARN_RANGE_LOOP_ANALYSIS = YES;
				CLANG_WARN_STRICT_PROTOTYPES = YES;
				CLANG_WARN_SUSPICIOUS_MOVE = YES;
				CLANG_WARN_UNGUARDED_AVAILABILITY = YES_AGGRESSIVE;
				CLANG_WARN_UNREACHABLE_CODE = YES;
				CLANG_WARN__DUPLICATE_METHOD_MATCH = YES;
				COPY_PHASE_STRIP = NO;
				DEBUG_INFORMATION_FORMAT = dwarf;
				ENABLE_STRICT_OBJC_MSGSEND = YES;
				ENABLE_TESTABILITY = YES;
				GCC_C_LANGUAGE_STANDARD = gnu11;
				GCC_DYNAMIC_NO_PIC = NO;
				GCC_NO_COMMON_BLOCKS = YES;
				GCC_OPTIMIZATION_LEVEL = 0;
				GCC_PREPROCESSOR_DEFINITIONS = (
					"DEBUG=1",
					"$(inherited)",
				);
				GCC_WARN_64_TO_32_BIT_CONVERSION = YES;
				GCC_WARN_ABOUT_RETURN_TYPE = YES_ERROR;
				GCC_WARN_UNDECLARED_SELECTOR = YES;
				GCC_WARN_UNINITIALIZED_AUTOS = YES_AGGRESSIVE;
				GCC_WARN_UNUSED_FUNCTION = YES;
				GCC_WARN_UNUSED_VARIABLE = YES;
				IPHONEOS_DEPLOYMENT_TARGET = 15.2;
				MTL_ENABLE_DEBUG_INFO = INCLUDE_SOURCE;
				MTL_FAST_MATH = YES;
				ONLY_ACTIVE_ARCH = YES;
				SDKROOT = iphoneos;
				SWIFT_ACTIVE_COMPILATION_CONDITIONS = DEBUG;
				SWIFT_OPTIMIZATION_LEVEL = "-Onone";
			};
			name = Debug;
		};
		D5ED096F27B5A428007F70C6 /* Release */ = {
			isa = XCBuildConfiguration;
			buildSettings = {
				ALWAYS_SEARCH_USER_PATHS = NO;
				CLANG_ANALYZER_NONNULL = YES;
				CLANG_ANALYZER_NUMBER_OBJECT_CONVERSION = YES_AGGRESSIVE;
				CLANG_CXX_LANGUAGE_STANDARD = "gnu++17";
				CLANG_CXX_LIBRARY = "libc++";
				CLANG_ENABLE_MODULES = YES;
				CLANG_ENABLE_OBJC_ARC = YES;
				CLANG_ENABLE_OBJC_WEAK = YES;
				CLANG_WARN_BLOCK_CAPTURE_AUTORELEASING = YES;
				CLANG_WARN_BOOL_CONVERSION = YES;
				CLANG_WARN_COMMA = YES;
				CLANG_WARN_CONSTANT_CONVERSION = YES;
				CLANG_WARN_DEPRECATED_OBJC_IMPLEMENTATIONS = YES;
				CLANG_WARN_DIRECT_OBJC_ISA_USAGE = YES_ERROR;
				CLANG_WARN_DOCUMENTATION_COMMENTS = YES;
				CLANG_WARN_EMPTY_BODY = YES;
				CLANG_WARN_ENUM_CONVERSION = YES;
				CLANG_WARN_INFINITE_RECURSION = YES;
				CLANG_WARN_INT_CONVERSION = YES;
				CLANG_WARN_NON_LITERAL_NULL_CONVERSION = YES;
				CLANG_WARN_OBJC_IMPLICIT_RETAIN_SELF = YES;
				CLANG_WARN_OBJC_LITERAL_CONVERSION = YES;
				CLANG_WARN_OBJC_ROOT_CLASS = YES_ERROR;
				CLANG_WARN_QUOTED_INCLUDE_IN_FRAMEWORK_HEADER = YES;
				CLANG_WARN_RANGE_LOOP_ANALYSIS = YES;
				CLANG_WARN_STRICT_PROTOTYPES = YES;
				CLANG_WARN_SUSPICIOUS_MOVE = YES;
				CLANG_WARN_UNGUARDED_AVAILABILITY = YES_AGGRESSIVE;
				CLANG_WARN_UNREACHABLE_CODE = YES;
				CLANG_WARN__DUPLICATE_METHOD_MATCH = YES;
				COPY_PHASE_STRIP = NO;
				DEBUG_INFORMATION_FORMAT = "dwarf-with-dsym";
				ENABLE_NS_ASSERTIONS = NO;
				ENABLE_STRICT_OBJC_MSGSEND = YES;
				GCC_C_LANGUAGE_STANDARD = gnu11;
				GCC_NO_COMMON_BLOCKS = YES;
				GCC_WARN_64_TO_32_BIT_CONVERSION = YES;
				GCC_WARN_ABOUT_RETURN_TYPE = YES_ERROR;
				GCC_WARN_UNDECLARED_SELECTOR = YES;
				GCC_WARN_UNINITIALIZED_AUTOS = YES_AGGRESSIVE;
				GCC_WARN_UNUSED_FUNCTION = YES;
				GCC_WARN_UNUSED_VARIABLE = YES;
				IPHONEOS_DEPLOYMENT_TARGET = 15.2;
				MTL_ENABLE_DEBUG_INFO = NO;
				MTL_FAST_MATH = YES;
				SDKROOT = iphoneos;
				SWIFT_COMPILATION_MODE = wholemodule;
				SWIFT_OPTIMIZATION_LEVEL = "-O";
				VALIDATE_PRODUCT = YES;
			};
			name = Release;
		};
		D5ED097127B5A428007F70C6 /* Debug */ = {
			isa = XCBuildConfiguration;
			buildSettings = {
				ALWAYS_EMBED_SWIFT_STANDARD_LIBRARIES = YES;
				ASSETCATALOG_COMPILER_APPICON_NAME = AppIcon;
				ASSETCATALOG_COMPILER_GLOBAL_ACCENT_COLOR_NAME = AccentColor;
				CODE_SIGN_STYLE = Automatic;
				CURRENT_PROJECT_VERSION = 1;
				DEBUG_INFORMATION_FORMAT = dwarf;
				DEVELOPMENT_TEAM = KY382G7762;
				GCC_NO_COMMON_BLOCKS = YES;
				GENERATE_INFOPLIST_FILE = YES;
				INFOPLIST_FILE = Navigation/Info.plist;
				INFOPLIST_KEY_NSLocationAlwaysAndWhenInUseUsageDescription = Test;
				INFOPLIST_KEY_NSLocationAlwaysUsageDescription = Test;
				INFOPLIST_KEY_NSLocationUsageDescription = Test;
				INFOPLIST_KEY_NSLocationWhenInUseUsageDescription = Test;
				INFOPLIST_KEY_UIApplicationSupportsIndirectInputEvents = YES;
				INFOPLIST_KEY_UILaunchStoryboardName = LaunchScreen;
				INFOPLIST_KEY_UISupportedInterfaceOrientations = UIInterfaceOrientationPortrait;
				INFOPLIST_KEY_UISupportedInterfaceOrientations_iPad = "UIInterfaceOrientationPortrait UIInterfaceOrientationPortraitUpsideDown UIInterfaceOrientationLandscapeLeft UIInterfaceOrientationLandscapeRight";
				INFOPLIST_KEY_UISupportedInterfaceOrientations_iPhone = "UIInterfaceOrientationPortrait UIInterfaceOrientationLandscapeLeft UIInterfaceOrientationLandscapeRight";
				INFOPLIST_KEY_UIUserInterfaceStyle = Light;
				IPHONEOS_DEPLOYMENT_TARGET = 15.2;
				LD_RUNPATH_SEARCH_PATHS = (
					"$(inherited)",
					"@executable_path/Frameworks",
				);
				MARKETING_VERSION = 1.0;
				PRODUCT_BUNDLE_IDENTIFIER = savie.Navigation;
				PRODUCT_NAME = "$(TARGET_NAME)";
				SWIFT_EMIT_LOC_STRINGS = YES;
				SWIFT_VERSION = 5.0;
				TARGETED_DEVICE_FAMILY = 1;
			};
			name = Debug;
		};
		D5ED097227B5A428007F70C6 /* Release */ = {
			isa = XCBuildConfiguration;
			buildSettings = {
				ALWAYS_EMBED_SWIFT_STANDARD_LIBRARIES = YES;
				ASSETCATALOG_COMPILER_APPICON_NAME = AppIcon;
				ASSETCATALOG_COMPILER_GLOBAL_ACCENT_COLOR_NAME = AccentColor;
				CODE_SIGN_STYLE = Automatic;
				CURRENT_PROJECT_VERSION = 1;
				DEBUG_INFORMATION_FORMAT = dwarf;
				DEVELOPMENT_TEAM = KY382G7762;
				GCC_NO_COMMON_BLOCKS = YES;
				GENERATE_INFOPLIST_FILE = YES;
				INFOPLIST_FILE = Navigation/Info.plist;
				INFOPLIST_KEY_NSLocationAlwaysAndWhenInUseUsageDescription = Test;
				INFOPLIST_KEY_NSLocationAlwaysUsageDescription = Test;
				INFOPLIST_KEY_NSLocationUsageDescription = Test;
				INFOPLIST_KEY_NSLocationWhenInUseUsageDescription = Test;
				INFOPLIST_KEY_UIApplicationSupportsIndirectInputEvents = YES;
				INFOPLIST_KEY_UILaunchStoryboardName = LaunchScreen;
				INFOPLIST_KEY_UISupportedInterfaceOrientations = UIInterfaceOrientationPortrait;
				INFOPLIST_KEY_UISupportedInterfaceOrientations_iPad = "UIInterfaceOrientationPortrait UIInterfaceOrientationPortraitUpsideDown UIInterfaceOrientationLandscapeLeft UIInterfaceOrientationLandscapeRight";
				INFOPLIST_KEY_UISupportedInterfaceOrientations_iPhone = "UIInterfaceOrientationPortrait UIInterfaceOrientationLandscapeLeft UIInterfaceOrientationLandscapeRight";
				INFOPLIST_KEY_UIUserInterfaceStyle = Light;
				IPHONEOS_DEPLOYMENT_TARGET = 15.2;
				LD_RUNPATH_SEARCH_PATHS = (
					"$(inherited)",
					"@executable_path/Frameworks",
				);
				MARKETING_VERSION = 1.0;
				PRODUCT_BUNDLE_IDENTIFIER = savie.Navigation;
				PRODUCT_NAME = "$(TARGET_NAME)";
				SWIFT_EMIT_LOC_STRINGS = YES;
				SWIFT_VERSION = 5.0;
				TARGETED_DEVICE_FAMILY = 1;
			};
			name = Release;
		};
/* End XCBuildConfiguration section */

/* Begin XCConfigurationList section */
		D50610AD28061EBF00BC51AC /* Build configuration list for PBXNativeTarget "StorageService" */ = {
			isa = XCConfigurationList;
			buildConfigurations = (
				D50610A928061EBF00BC51AC /* Debug */,
				D50610AA28061EBF00BC51AC /* Release */,
			);
			defaultConfigurationIsVisible = 0;
			defaultConfigurationName = Release;
		};
		D50610AE28061EBF00BC51AC /* Build configuration list for PBXNativeTarget "StorageServiceTests" */ = {
			isa = XCConfigurationList;
			buildConfigurations = (
				D50610AB28061EBF00BC51AC /* Debug */,
				D50610AC28061EBF00BC51AC /* Release */,
			);
			defaultConfigurationIsVisible = 0;
			defaultConfigurationName = Release;
		};
		D5ED095727B5A423007F70C6 /* Build configuration list for PBXProject "Navigation" */ = {
			isa = XCConfigurationList;
			buildConfigurations = (
				D5ED096E27B5A428007F70C6 /* Debug */,
				D5ED096F27B5A428007F70C6 /* Release */,
			);
			defaultConfigurationIsVisible = 0;
			defaultConfigurationName = Release;
		};
		D5ED097027B5A428007F70C6 /* Build configuration list for PBXNativeTarget "Navigation" */ = {
			isa = XCConfigurationList;
			buildConfigurations = (
				D5ED097127B5A428007F70C6 /* Debug */,
				D5ED097227B5A428007F70C6 /* Release */,
			);
			defaultConfigurationIsVisible = 0;
			defaultConfigurationName = Release;
		};
/* End XCConfigurationList section */

/* Begin XCRemoteSwiftPackageReference section */
		D552CCC42880A388009FF162 /* XCRemoteSwiftPackageReference "iOSIntPackage" */ = {
			isa = XCRemoteSwiftPackageReference;
			repositoryURL = "https://github.com/TrueMax/iOSIntPackage";
			requirement = {
				branch = imagepublisher;
				kind = branch;
			};
		};
		D5FCC7B32880A662009F5467 /* XCRemoteSwiftPackageReference "SnapKit" */ = {
			isa = XCRemoteSwiftPackageReference;
			repositoryURL = "https://github.com/SnapKit/SnapKit.git";
			requirement = {
				kind = upToNextMajorVersion;
				minimumVersion = 5.0.1;
			};
		};
/* End XCRemoteSwiftPackageReference section */

/* Begin XCSwiftPackageProductDependency section */
		D552CCC52880A388009FF162 /* iOSIntPackage */ = {
			isa = XCSwiftPackageProductDependency;
			package = D552CCC42880A388009FF162 /* XCRemoteSwiftPackageReference "iOSIntPackage" */;
			productName = iOSIntPackage;
		};
		D5FCC7B42880A662009F5467 /* SnapKit */ = {
			isa = XCSwiftPackageProductDependency;
			package = D5FCC7B32880A662009F5467 /* XCRemoteSwiftPackageReference "SnapKit" */;
			productName = SnapKit;
		};
/* End XCSwiftPackageProductDependency section */

/* Begin XCVersionGroup section */
		D541A1B82886DFF9005D2DAF /* FavoritePostModel.xcdatamodeld */ = {
			isa = XCVersionGroup;
			children = (
				D541A1B92886DFF9005D2DAF /* FavoritePostModel.xcdatamodel */,
			);
			currentVersion = D541A1B92886DFF9005D2DAF /* FavoritePostModel.xcdatamodel */;
			path = FavoritePostModel.xcdatamodeld;
			sourceTree = "<group>";
			versionGroupType = wrapper.xcdatamodel;
		};
/* End XCVersionGroup section */
	};
	rootObject = D5ED095427B5A423007F70C6 /* Project object */;
}
